
Microsoft Visual Studio Solution File, Format Version 12.00
# Visual Studio Version 17
VisualStudioVersion = 17.6.33927.249
MinimumVisualStudioVersion = 10.0.40219.1
Project("{FAE04EC0-301F-11D3-BF4B-00C04F79EFBC}") = "BuzzLink", "BuzzLink\BuzzLink.csproj", "{236A45CF-45EC-485F-A09B-AD01F656562B}"
EndProject
Global
	GlobalSection(SolutionConfigurationPlatforms) = preSolution
		Debug|Any CPU = Debug|Any CPU
		Release|Any CPU = Release|Any CPU
	EndGlobalSection
	GlobalSection(ProjectConfigurationPlatforms) = postSolution
		{236A45CF-45EC-485F-A09B-AD01F656562B}.Debug|Any CPU.ActiveCfg = Debug|Any CPU
		{236A45CF-45EC-485F-A09B-AD01F656562B}.Debug|Any CPU.Build.0 = Debug|Any CPU
		{236A45CF-45EC-485F-A09B-AD01F656562B}.Release|Any CPU.ActiveCfg = Release|Any CPU
		{236A45CF-45EC-485F-A09B-AD01F656562B}.Release|Any CPU.Build.0 = Release|Any CPU
	EndGlobalSection
	GlobalSection(SolutionProperties) = preSolution
		HideSolutionNode = FALSE
	EndGlobalSection
	GlobalSection(ExtensibilityGlobals) = postSolution
		SolutionGuid = {E75936D0-1B0F-4FC5-B861-B33AF6C2107E}
	EndGlobalSection
EndGlobal
